
Microsoft Visual Studio Solution File, Format Version 12.00
# Visual Studio Version 17
VisualStudioVersion = 17.4.33403.182
MinimumVisualStudioVersion = 10.0.40219.1
Project("{FAE04EC0-301F-11D3-BF4B-00C04F79EFBC}") = "BigSchool1", "BigSchool1\BigSchool1.csproj", "{E3E0F8FF-5B94-47C3-BE23-8BC86E8D31D1}"
EndProject
Global
	GlobalSection(SolutionConfigurationPlatforms) = preSolution
		Debug|Any CPU = Debug|Any CPU
		Release|Any CPU = Release|Any CPU
	EndGlobalSection
	GlobalSection(ProjectConfigurationPlatforms) = postSolution
		{E3E0F8FF-5B94-47C3-BE23-8BC86E8D31D1}.Debug|Any CPU.ActiveCfg = Debug|Any CPU
		{E3E0F8FF-5B94-47C3-BE23-8BC86E8D31D1}.Debug|Any CPU.Build.0 = Debug|Any CPU
		{E3E0F8FF-5B94-47C3-BE23-8BC86E8D31D1}.Release|Any CPU.ActiveCfg = Release|Any CPU
		{E3E0F8FF-5B94-47C3-BE23-8BC86E8D31D1}.Release|Any CPU.Build.0 = Release|Any CPU
	EndGlobalSection
	GlobalSection(SolutionProperties) = preSolution
		HideSolutionNode = FALSE
	EndGlobalSection
	GlobalSection(ExtensibilityGlobals) = postSolution
		SolutionGuid = {98EA7106-85D9-4491-9E0E-F00E6A127AC2}
	EndGlobalSection
EndGlobal
